PODS:
  - Fretboard (0.0.1):
    - MusicTheorySwift
  - MusicTheorySwift (0.0.4)

DEPENDENCIES:
  - Fretboard (from `.`)
  - MusicTheorySwift

EXTERNAL SOURCES:
  Fretboard:
    :path: "."

SPEC CHECKSUMS:
  Fretboard: 01f95e1764f4f685e7f17628ecdc940326b654da
  MusicTheorySwift: 213563918695d0a2fa37a805a0ad63b090a12bfe

PODFILE CHECKSUM: bbafa31e94966f2f2346dc76af037b2a7a62295b

COCOAPODS: 1.2.1.beta.1
